name: Issue - Unlock

on:
  workflow_dispatch:
    inputs:
      issue-number:
        description: 'Issue Number'
        default: 1
        required: true
        type: number
      repo-name:
        description: 'Repo Name'
        default: 'danilocolombi/teste'
        required: true

jobs:
  unlock:
    runs-on: ubuntu-latest

    steps:
      - name: Unlock Issue
        run: gh issue unlock ${{ github.event.inputs.issue-number }} --repo ${{ github.event.inputs.repo-name }}
        env:
          GH_TOKEN: ${{ secrets.GH_TOKEN }}